// !$*UTF8*$!
{
	archiveVersion = 1;
	classes = {
	};
	objectVersion = 56;
	objects = {

/* Begin PBXBuildFile section */
		8A17EC332A8DF3C800640FD0 /* SwiftUIListApp.swift in Sources */ = {isa = PBXBuildFile; fileRef = 8A17EC322A8DF3C800640FD0 /* SwiftUIListApp.swift */; };
		8A17EC372A8DF3C900640FD0 /* Assets.xcassets in Resources */ = {isa = PBXBuildFile; fileRef = 8A17EC362A8DF3C900640FD0 /* Assets.xcassets */; };
		8A17EC3A2A8DF3C900640FD0 /* Preview Assets.xcassets in Resources */ = {isa = PBXBuildFile; fileRef = 8A17EC392A8DF3C900640FD0 /* Preview Assets.xcassets */; };
		8A17EC412A8DF45500640FD0 /* CustomerRow.swift in Sources */ = {isa = PBXBuildFile; fileRef = 8A17EC402A8DF45500640FD0 /* CustomerRow.swift */; };
		8A17EC432A8DF49A00640FD0 /* Customer.swift in Sources */ = {isa = PBXBuildFile; fileRef = 8A17EC422A8DF49A00640FD0 /* Customer.swift */; };
		8A17EC452A8DF6B400640FD0 /* CustomerAddView.swift in Sources */ = {isa = PBXBuildFile; fileRef = 8A17EC442A8DF6B400640FD0 /* CustomerAddView.swift */; };
		8A17EC472A8DF8CA00640FD0 /* CustomerListView.swift in Sources */ = {isa = PBXBuildFile; fileRef = 8A17EC462A8DF8CA00640FD0 /* CustomerListView.swift */; };
		8A17EC492A8DFB5000640FD0 /* CustomerListViewModel.swift in Sources */ = {isa = PBXBuildFile; fileRef = 8A17EC482A8DFB5000640FD0 /* CustomerListViewModel.swift */; };
		8A17EC5E2A8E11CF00640FD0 /* SwiftUIList_Tests.swift in Sources */ = {isa = PBXBuildFile; fileRef = 8A17EC5D2A8E11CF00640FD0 /* SwiftUIList_Tests.swift */; };
		8A17EC652A8E122700640FD0 /* CustomerListViewModel_Tests.swift in Sources */ = {isa = PBXBuildFile; fileRef = 8A17EC642A8E122700640FD0 /* CustomerListViewModel_Tests.swift */; };
/* End PBXBuildFile section */

/* Begin PBXContainerItemProxy section */
		8A17EC5F2A8E11CF00640FD0 /* PBXContainerItemProxy */ = {
			isa = PBXContainerItemProxy;
			containerPortal = 8A17EC272A8DF3C800640FD0 /* Project object */;
			proxyType = 1;
			remoteGlobalIDString = 8A17EC2E2A8DF3C800640FD0;
			remoteInfo = SwiftUIList;
		};
/* End PBXContainerItemProxy section */

/* Begin PBXFileReference section */
		8A17EC2F2A8DF3C800640FD0 /* SwiftUIList.app */ = {isa = PBXFileReference; explicitFileType = wrapper.application; includeInIndex = 0; path = SwiftUIList.app; sourceTree = BUILT_PRODUCTS_DIR; };
		8A17EC322A8DF3C800640FD0 /* SwiftUIListApp.swift */ = {isa = PBXFileReference; lastKnownFileType = sourcecode.swift; path = SwiftUIListApp.swift; sourceTree = "<group>"; };
		8A17EC362A8DF3C900640FD0 /* Assets.xcassets */ = {isa = PBXFileReference; lastKnownFileType = folder.assetcatalog; path = Assets.xcassets; sourceTree = "<group>"; };
		8A17EC392A8DF3C900640FD0 /* Preview Assets.xcassets */ = {isa = PBXFileReference; lastKnownFileType = folder.assetcatalog; path = "Preview Assets.xcassets"; sourceTree = "<group>"; };
		8A17EC402A8DF45500640FD0 /* CustomerRow.swift */ = {isa = PBXFileReference; lastKnownFileType = sourcecode.swift; path = CustomerRow.swift; sourceTree = "<group>"; };
		8A17EC422A8DF49A00640FD0 /* Customer.swift */ = {isa = PBXFileReference; lastKnownFileType = sourcecode.swift; path = Customer.swift; sourceTree = "<group>"; };
		8A17EC442A8DF6B400640FD0 /* CustomerAddView.swift */ = {isa = PBXFileReference; lastKnownFileType = sourcecode.swift; path = CustomerAddView.swift; sourceTree = "<group>"; };
		8A17EC462A8DF8CA00640FD0 /* CustomerListView.swift */ = {isa = PBXFileReference; lastKnownFileType = sourcecode.swift; path = CustomerListView.swift; sourceTree = "<group>"; };
		8A17EC482A8DFB5000640FD0 /* CustomerListViewModel.swift */ = {isa = PBXFileReference; lastKnownFileType = sourcecode.swift; path = CustomerListViewModel.swift; sourceTree = "<group>"; };
		8A17EC5B2A8E11CF00640FD0 /* SwiftUIList_Tests.xctest */ = {isa = PBXFileReference; explicitFileType = wrapper.cfbundle; includeInIndex = 0; path = SwiftUIList_Tests.xctest; sourceTree = BUILT_PRODUCTS_DIR; };
		8A17EC5D2A8E11CF00640FD0 /* SwiftUIList_Tests.swift */ = {isa = PBXFileReference; lastKnownFileType = sourcecode.swift; path = SwiftUIList_Tests.swift; sourceTree = "<group>"; };
		8A17EC642A8E122700640FD0 /* CustomerListViewModel_Tests.swift */ = {isa = PBXFileReference; lastKnownFileType = sourcecode.swift; path = CustomerListViewModel_Tests.swift; sourceTree = "<group>"; };
/* End PBXFileReference section */

/* Begin PBXFrameworksBuildPhase section */
		8A17EC2C2A8DF3C800640FD0 /* Frameworks */ = {
			isa = PBXFrameworksBuildPhase;
			buildActionMask = 2147483647;
			files = (
			);
			runOnlyForDeploymentPostprocessing = 0;
		};
		8A17EC582A8E11CF00640FD0 /* Frameworks */ = {
			isa = PBXFrameworksBuildPhase;
			buildActionMask = 2147483647;
			files = (
			);
			runOnlyForDeploymentPostprocessing = 0;
		};
/* End PBXFrameworksBuildPhase section */

/* Begin PBXGroup section */
		8A17EC262A8DF3C800640FD0 = {
			isa = PBXGroup;
			children = (
				8A17EC312A8DF3C800640FD0 /* SwiftUIList */,
				8A17EC5C2A8E11CF00640FD0 /* SwiftUIList_Tests */,
				8A17EC302A8DF3C800640FD0 /* Products */,
			);
			sourceTree = "<group>";
		};
		8A17EC302A8DF3C800640FD0 /* Products */ = {
			isa = PBXGroup;
			children = (
				8A17EC2F2A8DF3C800640FD0 /* SwiftUIList.app */,
				8A17EC5B2A8E11CF00640FD0 /* SwiftUIList_Tests.xctest */,
			);
			name = Products;
			sourceTree = "<group>";
		};
		8A17EC312A8DF3C800640FD0 /* SwiftUIList */ = {
			isa = PBXGroup;
			children = (
				8A17EC322A8DF3C800640FD0 /* SwiftUIListApp.swift */,
				8A17EC362A8DF3C900640FD0 /* Assets.xcassets */,
				8A17EC382A8DF3C900640FD0 /* Preview Content */,
				8A17EC402A8DF45500640FD0 /* CustomerRow.swift */,
				8A17EC422A8DF49A00640FD0 /* Customer.swift */,
				8A17EC442A8DF6B400640FD0 /* CustomerAddView.swift */,
				8A17EC462A8DF8CA00640FD0 /* CustomerListView.swift */,
				8A17EC482A8DFB5000640FD0 /* CustomerListViewModel.swift */,
			);
			path = SwiftUIList;
			sourceTree = "<group>";
		};
		8A17EC382A8DF3C900640FD0 /* Preview Content */ = {
			isa = PBXGroup;
			children = (
				8A17EC392A8DF3C900640FD0 /* Preview Assets.xcassets */,
			);
			path = "Preview Content";
			sourceTree = "<group>";
		};
		8A17EC5C2A8E11CF00640FD0 /* SwiftUIList_Tests */ = {
			isa = PBXGroup;
			children = (
				8A17EC5D2A8E11CF00640FD0 /* SwiftUIList_Tests.swift */,
				8A17EC642A8E122700640FD0 /* CustomerListViewModel_Tests.swift */,
			);
			path = SwiftUIList_Tests;
			sourceTree = "<group>";
		};
/* End PBXGroup section */

/* Begin PBXNativeTarget section */
		8A17EC2E2A8DF3C800640FD0 /* SwiftUIList */ = {
			isa = PBXNativeTarget;
			buildConfigurationList = 8A17EC3D2A8DF3C900640FD0 /* Build configuration list for PBXNativeTarget "SwiftUIList" */;
			buildPhases = (
				8A17EC2B2A8DF3C800640FD0 /* Sources */,
				8A17EC2C2A8DF3C800640FD0 /* Frameworks */,
				8A17EC2D2A8DF3C800640FD0 /* Resources */,
			);
			buildRules = (
			);
			dependencies = (
			);
			name = SwiftUIList;
			productName = SwiftUIList;
			productReference = 8A17EC2F2A8DF3C800640FD0 /* SwiftUIList.app */;
			productType = "com.apple.product-type.application";
		};
		8A17EC5A2A8E11CF00640FD0 /* SwiftUIList_Tests */ = {
			isa = PBXNativeTarget;
			buildConfigurationList = 8A17EC632A8E11CF00640FD0 /* Build configuration list for PBXNativeTarget "SwiftUIList_Tests" */;
			buildPhases = (
				8A17EC572A8E11CF00640FD0 /* Sources */,
				8A17EC582A8E11CF00640FD0 /* Frameworks */,
				8A17EC592A8E11CF00640FD0 /* Resources */,
			);
			buildRules = (
			);
			dependencies = (
				8A17EC602A8E11CF00640FD0 /* PBXTargetDependency */,
			);
			name = SwiftUIList_Tests;
			productName = SwiftUIList_Tests;
			productReference = 8A17EC5B2A8E11CF00640FD0 /* SwiftUIList_Tests.xctest */;
			productType = "com.apple.product-type.bundle.unit-test";
		};
/* End PBXNativeTarget section */

/* Begin PBXProject section */
		8A17EC272A8DF3C800640FD0 /* Project object */ = {
			isa = PBXProject;
			attributes = {
				BuildIndependentTargetsInParallel = 1;
				LastSwiftUpdateCheck = 1410;
				LastUpgradeCheck = 1410;
				TargetAttributes = {
					8A17EC2E2A8DF3C800640FD0 = {
						CreatedOnToolsVersion = 14.1;
					};
					8A17EC5A2A8E11CF00640FD0 = {
						CreatedOnToolsVersion = 14.1;
						TestTargetID = 8A17EC2E2A8DF3C800640FD0;
					};
				};
			};
			buildConfigurationList = 8A17EC2A2A8DF3C800640FD0 /* Build configuration list for PBXProject "SwiftUIList" */;
			compatibilityVersion = "Xcode 14.0";
			developmentRegion = en;
			hasScannedForEncodings = 0;
			knownRegions = (
				en,
				Base,
			);
			mainGroup = 8A17EC262A8DF3C800640FD0;
			productRefGroup = 8A17EC302A8DF3C800640FD0 /* Products */;
			projectDirPath = "";
			projectRoot = "";
			targets = (
				8A17EC2E2A8DF3C800640FD0 /* SwiftUIList */,
				8A17EC5A2A8E11CF00640FD0 /* SwiftUIList_Tests */,
			);
		};
/* End PBXProject section */

/* Begin PBXResourcesBuildPhase section */
		8A17EC2D2A8DF3C800640FD0 /* Resources */ = {
			isa = PBXResourcesBuildPhase;
			buildActionMask = 2147483647;
			files = (
				8A17EC3A2A8DF3C900640FD0 /* Preview Assets.xcassets in Resources */,
				8A17EC372A8DF3C900640FD0 /* Assets.xcassets in Resources */,
			);
			runOnlyForDeploymentPostprocessing = 0;
		};
		8A17EC592A8E11CF00640FD0 /* Resources */ = {
			isa = PBXResourcesBuildPhase;
			buildActionMask = 2147483647;
			files = (
			);
			runOnlyForDeploymentPostprocessing = 0;
		};
/* End PBXResourcesBuildPhase section */

/* Begin PBXSourcesBuildPhase section */
		8A17EC2B2A8DF3C800640FD0 /* Sources */ = {
			isa = PBXSourcesBuildPhase;
			buildActionMask = 2147483647;
			files = (
				8A17EC332A8DF3C800640FD0 /* SwiftUIListApp.swift in Sources */,
				8A17EC472A8DF8CA00640FD0 /* CustomerListView.swift in Sources */,
				8A17EC492A8DFB5000640FD0 /* CustomerListViewModel.swift in Sources */,
				8A17EC412A8DF45500640FD0 /* CustomerRow.swift in Sources */,
				8A17EC432A8DF49A00640FD0 /* Customer.swift in Sources */,
				8A17EC452A8DF6B400640FD0 /* CustomerAddView.swift in Sources */,
			);
			runOnlyForDeploymentPostprocessing = 0;
		};
		8A17EC572A8E11CF00640FD0 /* Sources */ = {
			isa = PBXSourcesBuildPhase;
			buildActionMask = 2147483647;
			files = (
				8A17EC652A8E122700640FD0 /* CustomerListViewModel_Tests.swift in Sources */,
				8A17EC5E2A8E11CF00640FD0 /* SwiftUIList_Tests.swift in Sources */,
			);
			runOnlyForDeploymentPostprocessing = 0;
		};
/* End PBXSourcesBuildPhase section */

/* Begin PBXTargetDependency section */
		8A17EC602A8E11CF00640FD0 /* PBXTargetDependency */ = {
			isa = PBXTargetDependency;
			target = 8A17EC2E2A8DF3C800640FD0 /* SwiftUIList */;
			targetProxy = 8A17EC5F2A8E11CF00640FD0 /* PBXContainerItemProxy */;
		};
/* End PBXTargetDependency section */

/* Begin XCBuildConfiguration section */
		8A17EC3B2A8DF3C900640FD0 /* Debug */ = {
			isa = XCBuildConfiguration;
			buildSettings = {
				ALWAYS_SEARCH_USER_PATHS = NO;
				CLANG_ANALYZER_NONNULL = YES;
				CLANG_ANALYZER_NUMBER_OBJECT_CONVERSION = YES_AGGRESSIVE;
				CLANG_CXX_LANGUAGE_STANDARD = "gnu++20";
				CLANG_ENABLE_MODULES = YES;
				CLANG_ENABLE_OBJC_ARC = YES;
				CLANG_ENABLE_OBJC_WEAK = YES;
				CLANG_WARN_BLOCK_CAPTURE_AUTORELEASING = YES;
				CLANG_WARN_BOOL_CONVERSION = YES;
				CLANG_WARN_COMMA = YES;
				CLANG_WARN_CONSTANT_CONVERSION = YES;
				CLANG_WARN_DEPRECATED_OBJC_IMPLEMENTATIONS = YES;
				CLANG_WARN_DIRECT_OBJC_ISA_USAGE = YES_ERROR;
				CLANG_WARN_DOCUMENTATION_COMMENTS = YES;
				CLANG_WARN_EMPTY_BODY = YES;
				CLANG_WARN_ENUM_CONVERSION = YES;
				CLANG_WARN_INFINITE_RECURSION = YES;
				CLANG_WARN_INT_CONVERSION = YES;
				CLANG_WARN_NON_LITERAL_NULL_CONVERSION = YES;
				CLANG_WARN_OBJC_IMPLICIT_RETAIN_SELF = YES;
				CLANG_WARN_OBJC_LITERAL_CONVERSION = YES;
				CLANG_WARN_OBJC_ROOT_CLASS = YES_ERROR;
				CLANG_WARN_QUOTED_INCLUDE_IN_FRAMEWORK_HEADER = YES;
				CLANG_WARN_RANGE_LOOP_ANALYSIS = YES;
				CLANG_WARN_STRICT_PROTOTYPES = YES;
				CLANG_WARN_SUSPICIOUS_MOVE = YES;
				CLANG_WARN_UNGUARDED_AVAILABILITY = YES_AGGRESSIVE;
				CLANG_WARN_UNREACHABLE_CODE = YES;
				CLANG_WARN__DUPLICATE_METHOD_MATCH = YES;
				COPY_PHASE_STRIP = NO;
				DEBUG_INFORMATION_FORMAT = dwarf;
				ENABLE_STRICT_OBJC_MSGSEND = YES;
				ENABLE_TESTABILITY = YES;
				GCC_C_LANGUAGE_STANDARD = gnu11;
				GCC_DYNAMIC_NO_PIC = NO;
				GCC_NO_COMMON_BLOCKS = YES;
				GCC_OPTIMIZATION_LEVEL = 0;
				GCC_PREPROCESSOR_DEFINITIONS = (
					"DEBUG=1",
					"$(inherited)",
				);
				GCC_WARN_64_TO_32_BIT_CONVERSION = YES;
				GCC_WARN_ABOUT_RETURN_TYPE = YES_ERROR;
				GCC_WARN_UNDECLARED_SELECTOR = YES;
				GCC_WARN_UNINITIALIZED_AUTOS = YES_AGGRESSIVE;
				GCC_WARN_UNUSED_FUNCTION = YES;
				GCC_WARN_UNUSED_VARIABLE = YES;
				IPHONEOS_DEPLOYMENT_TARGET = 16.1;
				MTL_ENABLE_DEBUG_INFO = INCLUDE_SOURCE;
				MTL_FAST_MATH = YES;
				ONLY_ACTIVE_ARCH = YES;
				SDKROOT = iphoneos;
				SWIFT_ACTIVE_COMPILATION_CONDITIONS = DEBUG;
				SWIFT_OPTIMIZATION_LEVEL = "-Onone";
			};
			name = Debug;
		};
		8A17EC3C2A8DF3C900640FD0 /* Release */ = {
			isa = XCBuildConfiguration;
			buildSettings = {
				ALWAYS_SEARCH_USER_PATHS = NO;
				CLANG_ANALYZER_NONNULL = YES;
				CLANG_ANALYZER_NUMBER_OBJECT_CONVERSION = YES_AGGRESSIVE;
				CLANG_CXX_LANGUAGE_STANDARD = "gnu++20";
				CLANG_ENABLE_MODULES = YES;
				CLANG_ENABLE_OBJC_ARC = YES;
				CLANG_ENABLE_OBJC_WEAK = YES;
				CLANG_WARN_BLOCK_CAPTURE_AUTORELEASING = YES;
				CLANG_WARN_BOOL_CONVERSION = YES;
				CLANG_WARN_COMMA = YES;
				CLANG_WARN_CONSTANT_CONVERSION = YES;
				CLANG_WARN_DEPRECATED_OBJC_IMPLEMENTATIONS = YES;
				CLANG_WARN_DIRECT_OBJC_ISA_USAGE = YES_ERROR;
				CLANG_WARN_DOCUMENTATION_COMMENTS = YES;
				CLANG_WARN_EMPTY_BODY = YES;
				CLANG_WARN_ENUM_CONVERSION = YES;
				CLANG_WARN_INFINITE_RECURSION = YES;
				CLANG_WARN_INT_CONVERSION = YES;
				CLANG_WARN_NON_LITERAL_NULL_CONVERSION = YES;
				CLANG_WARN_OBJC_IMPLICIT_RETAIN_SELF = YES;
				CLANG_WARN_OBJC_LITERAL_CONVERSION = YES;
				CLANG_WARN_OBJC_ROOT_CLASS = YES_ERROR;
				CLANG_WARN_QUOTED_INCLUDE_IN_FRAMEWORK_HEADER = YES;
				CLANG_WARN_RANGE_LOOP_ANALYSIS = YES;
				CLANG_WARN_STRICT_PROTOTYPES = YES;
				CLANG_WARN_SUSPICIOUS_MOVE = YES;
				CLANG_WARN_UNGUARDED_AVAILABILITY = YES_AGGRESSIVE;
				CLANG_WARN_UNREACHABLE_CODE = YES;
				CLANG_WARN__DUPLICATE_METHOD_MATCH = YES;
				COPY_PHASE_STRIP = NO;
				DEBUG_INFORMATION_FORMAT = "dwarf-with-dsym";
				ENABLE_NS_ASSERTIONS = NO;
				ENABLE_STRICT_OBJC_MSGSEND = YES;
				GCC_C_LANGUAGE_STANDARD = gnu11;
				GCC_NO_COMMON_BLOCKS = YES;
				GCC_WARN_64_TO_32_BIT_CONVERSION = YES;
				GCC_WARN_ABOUT_RETURN_TYPE = YES_ERROR;
				GCC_WARN_UNDECLARED_SELECTOR = YES;
				GCC_WARN_UNINITIALIZED_AUTOS = YES_AGGRESSIVE;
				GCC_WARN_UNUSED_FUNCTION = YES;
				GCC_WARN_UNUSED_VARIABLE = YES;
				IPHONEOS_DEPLOYMENT_TARGET = 16.1;
				MTL_ENABLE_DEBUG_INFO = NO;
				MTL_FAST_MATH = YES;
				SDKROOT = iphoneos;
				SWIFT_COMPILATION_MODE = wholemodule;
				SWIFT_OPTIMIZATION_LEVEL = "-O";
				VALIDATE_PRODUCT = YES;
			};
			name = Release;
		};
		8A17EC3E2A8DF3C900640FD0 /* Debug */ = {
			isa = XCBuildConfiguration;
			buildSettings = {
				ASSETCATALOG_COMPILER_APPICON_NAME = AppIcon;
				ASSETCATALOG_COMPILER_GLOBAL_ACCENT_COLOR_NAME = AccentColor;
				CODE_SIGN_STYLE = Automatic;
				CURRENT_PROJECT_VERSION = 1;
				DEVELOPMENT_ASSET_PATHS = "\"SwiftUIList/Preview Content\"";
				DEVELOPMENT_TEAM = 3F53E5RFPT;
				ENABLE_PREVIEWS = YES;
				GENERATE_INFOPLIST_FILE = YES;
				INFOPLIST_KEY_UIApplicationSceneManifest_Generation = YES;
				INFOPLIST_KEY_UIApplicationSupportsIndirectInputEvents = YES;
				INFOPLIST_KEY_UILaunchScreen_Generation = YES;
				INFOPLIST_KEY_UISupportedInterfaceOrientations_iPad = "UIInterfaceOrientationPortrait UIInterfaceOrientationPortraitUpsideDown UIInterfaceOrientationLandscapeLeft UIInterfaceOrientationLandscapeRight";
				INFOPLIST_KEY_UISupportedInterfaceOrientations_iPhone = "UIInterfaceOrientationPortrait UIInterfaceOrientationLandscapeLeft UIInterfaceOrientationLandscapeRight";
				LD_RUNPATH_SEARCH_PATHS = (
					"$(inherited)",
					"@executable_path/Frameworks",
				);
				MARKETING_VERSION = 1.0;
				PRODUCT_BUNDLE_IDENTIFIER = com.tarikbozyak.SwiftUIList;
				PRODUCT_NAME = "$(TARGET_NAME)";
				SWIFT_EMIT_LOC_STRINGS = YES;
				SWIFT_VERSION = 5.0;
				TARGETED_DEVICE_FAMILY = "1,2";
			};
			name = Debug;
		};
		8A17EC3F2A8DF3C900640FD0 /* Release */ = {
			isa = XCBuildConfiguration;
			buildSettings = {
				ASSETCATALOG_COMPILER_APPICON_NAME = AppIcon;
				ASSETCATALOG_COMPILER_GLOBAL_ACCENT_COLOR_NAME = AccentColor;
				CODE_SIGN_STYLE = Automatic;
				CURRENT_PROJECT_VERSION = 1;
				DEVELOPMENT_ASSET_PATHS = "\"SwiftUIList/Preview Content\"";
				DEVELOPMENT_TEAM = 3F53E5RFPT;
				ENABLE_PREVIEWS = YES;
				GENERATE_INFOPLIST_FILE = YES;
				INFOPLIST_KEY_UIApplicationSceneManifest_Generation = YES;
				INFOPLIST_KEY_UIApplicationSupportsIndirectInputEvents = YES;
				INFOPLIST_KEY_UILaunchScreen_Generation = YES;
				INFOPLIST_KEY_UISupportedInterfaceOrientations_iPad = "UIInterfaceOrientationPortrait UIInterfaceOrientationPortraitUpsideDown UIInterfaceOrientationLandscapeLeft UIInterfaceOrientationLandscapeRight";
				INFOPLIST_KEY_UISupportedInterfaceOrientations_iPhone = "UIInterfaceOrientationPortrait UIInterfaceOrientationLandscapeLeft UIInterfaceOrientationLandscapeRight";
				LD_RUNPATH_SEARCH_PATHS = (
					"$(inherited)",
					"@executable_path/Frameworks",
				);
				MARKETING_VERSION = 1.0;
				PRODUCT_BUNDLE_IDENTIFIER = com.tarikbozyak.SwiftUIList;
				PRODUCT_NAME = "$(TARGET_NAME)";
				SWIFT_EMIT_LOC_STRINGS = YES;
				SWIFT_VERSION = 5.0;
				TARGETED_DEVICE_FAMILY = "1,2";
			};
			name = Release;
		};
		8A17EC612A8E11CF00640FD0 /* Debug */ = {
			isa = XCBuildConfiguration;
			buildSettings = {
				BUNDLE_LOADER = "$(TEST_HOST)";
				CODE_SIGN_STYLE = Automatic;
				CURRENT_PROJECT_VERSION = 1;
				DEVELOPMENT_TEAM = 3F53E5RFPT;
				GENERATE_INFOPLIST_FILE = YES;
				MARKETING_VERSION = 1.0;
				PRODUCT_BUNDLE_IDENTIFIER = "com.tarikbozyak.SwiftUIList-Tests";
				PRODUCT_NAME = "$(TARGET_NAME)";
				SWIFT_EMIT_LOC_STRINGS = NO;
				SWIFT_VERSION = 5.0;
				TARGETED_DEVICE_FAMILY = "1,2";
				TEST_HOST = "$(BUILT_PRODUCTS_DIR)/SwiftUIList.app/$(BUNDLE_EXECUTABLE_FOLDER_PATH)/SwiftUIList";
			};
			name = Debug;
		};
		8A17EC622A8E11CF00640FD0 /* Release */ = {
			isa = XCBuildConfiguration;
			buildSettings = {
				BUNDLE_LOADER = "$(TEST_HOST)";
				CODE_SIGN_STYLE = Automatic;
				CURRENT_PROJECT_VERSION = 1;
				DEVELOPMENT_TEAM = 3F53E5RFPT;
				GENERATE_INFOPLIST_FILE = YES;
				MARKETING_VERSION = 1.0;
				PRODUCT_BUNDLE_IDENTIFIER = "com.tarikbozyak.SwiftUIList-Tests";
				PRODUCT_NAME = "$(TARGET_NAME)";
				SWIFT_EMIT_LOC_STRINGS = NO;
				SWIFT_VERSION = 5.0;
				TARGETED_DEVICE_FAMILY = "1,2";
				TEST_HOST = "$(BUILT_PRODUCTS_DIR)/SwiftUIList.app/$(BUNDLE_EXECUTABLE_FOLDER_PATH)/SwiftUIList";
			};
			name = Release;
		};
/* End XCBuildConfiguration section */

/* Begin XCConfigurationList section */
		8A17EC2A2A8DF3C800640FD0 /* Build configuration list for PBXProject "SwiftUIList" */ = {
			isa = XCConfigurationList;
			buildConfigurations = (
				8A17EC3B2A8DF3C900640FD0 /* Debug */,
				8A17EC3C2A8DF3C900640FD0 /* Release */,
			);
			defaultConfigurationIsVisible = 0;
			defaultConfigurationName = Release;
		};
		8A17EC3D2A8DF3C900640FD0 /* Build configuration list for PBXNativeTarget "SwiftUIList" */ = {
			isa = XCConfigurationList;
			buildConfigurations = (
				8A17EC3E2A8DF3C900640FD0 /* Debug */,
				8A17EC3F2A8DF3C900640FD0 /* Release */,
			);
			defaultConfigurationIsVisible = 0;
			defaultConfigurationName = Release;
		};
		8A17EC632A8E11CF00640FD0 /* Build configuration list for PBXNativeTarget "SwiftUIList_Tests" */ = {
			isa = XCConfigurationList;
			buildConfigurations = (
				8A17EC612A8E11CF00640FD0 /* Debug */,
				8A17EC622A8E11CF00640FD0 /* Release */,
			);
			defaultConfigurationIsVisible = 0;
			defaultConfigurationName = Release;
		};
/* End XCConfigurationList section */
	};
	rootObject = 8A17EC272A8DF3C800640FD0 /* Project object */;
}
